
Microsoft Visual Studio Solution File, Format Version 12.00
# Visual Studio Version 17
VisualStudioVersion = 17.14.36915.13 d17.14
MinimumVisualStudioVersion = 10.0.40219.1
Project("{FAE04EC0-301F-11D3-BF4B-00C04F79EFBC}") = "G-NET-33-EFCore01", "G-NET-33-EFCore01.csproj", "{FD90A1FC-5363-4E1D-84CB-054A3A3DA406}"
EndProject
Global
	GlobalSection(SolutionConfigurationPlatforms) = preSolution
		Debug|Any CPU = Debug|Any CPU
		Release|Any CPU = Release|Any CPU
	EndGlobalSection
	GlobalSection(ProjectConfigurationPlatforms) = postSolution
		{FD90A1FC-5363-4E1D-84CB-054A3A3DA406}.Debug|Any CPU.ActiveCfg = Debug|Any CPU
		{FD90A1FC-5363-4E1D-84CB-054A3A3DA406}.Debug|Any CPU.Build.0 = Debug|Any CPU
		{FD90A1FC-5363-4E1D-84CB-054A3A3DA406}.Release|Any CPU.ActiveCfg = Release|Any CPU
		{FD90A1FC-5363-4E1D-84CB-054A3A3DA406}.Release|Any CPU.Build.0 = Release|Any CPU
	EndGlobalSection
	GlobalSection(SolutionProperties) = preSolution
		HideSolutionNode = FALSE
	EndGlobalSection
	GlobalSection(ExtensibilityGlobals) = postSolution
		SolutionGuid = {4F9BC249-DCD7-4AB6-BADB-8CE8AEDEB79F}
	EndGlobalSection
EndGlobal
